
Microsoft Visual Studio Solution File, Format Version 12.00
# Visual Studio 15
VisualStudioVersion = 15.0.28307.645
MinimumVisualStudioVersion = 10.0.40219.1
Project("{9A19103F-16F7-4668-BE54-9A1E7A4F7556}") = "AsyncAppIOBound", "AsyncAppIOBound\AsyncAppIOBound.csproj", "{F3CEF520-532A-4E7D-9D3F-78E9B5C278E6}"
EndProject
Project("{FAE04EC0-301F-11D3-BF4B-00C04F79EFBC}") = "AsyncAppCPUBound", "AsyncAppCPUBound\AsyncAppCPUBound.csproj", "{578CAFC3-BA10-4BD6-95BC-D389000F4A28}"
EndProject
Global
	GlobalSection(SolutionConfigurationPlatforms) = preSolution
		Debug|Any CPU = Debug|Any CPU
		Release|Any CPU = Release|Any CPU
	EndGlobalSection
	GlobalSection(ProjectConfigurationPlatforms) = postSolution
		{F3CEF520-532A-4E7D-9D3F-78E9B5C278E6}.Debug|Any CPU.ActiveCfg = Debug|Any CPU
		{F3CEF520-532A-4E7D-9D3F-78E9B5C278E6}.Debug|Any CPU.Build.0 = Debug|Any CPU
		{F3CEF520-532A-4E7D-9D3F-78E9B5C278E6}.Release|Any CPU.ActiveCfg = Release|Any CPU
		{F3CEF520-532A-4E7D-9D3F-78E9B5C278E6}.Release|Any CPU.Build.0 = Release|Any CPU
		{578CAFC3-BA10-4BD6-95BC-D389000F4A28}.Debug|Any CPU.ActiveCfg = Debug|Any CPU
		{578CAFC3-BA10-4BD6-95BC-D389000F4A28}.Debug|Any CPU.Build.0 = Debug|Any CPU
		{578CAFC3-BA10-4BD6-95BC-D389000F4A28}.Release|Any CPU.ActiveCfg = Release|Any CPU
		{578CAFC3-BA10-4BD6-95BC-D389000F4A28}.Release|Any CPU.Build.0 = Release|Any CPU
	EndGlobalSection
	GlobalSection(SolutionProperties) = preSolution
		HideSolutionNode = FALSE
	EndGlobalSection
	GlobalSection(ExtensibilityGlobals) = postSolution
		SolutionGuid = {8C1B1009-803E-4D5F-8081-2BB33F9363B8}
	EndGlobalSection
EndGlobal
